
Microsoft Visual Studio Solution File, Format Version 12.00
# Visual Studio Version 17
VisualStudioVersion = 17.8.34330.188
MinimumVisualStudioVersion = 10.0.40219.1
Project("{FAE04EC0-301F-11D3-BF4B-00C04F79EFBC}") = "ALIPFunctions", "ALIPFunctions\ALIPFunctions.csproj", "{8D21CC8E-D980-45E4-9BC1-41E52726C057}"
EndProject
Global
	GlobalSection(SolutionConfigurationPlatforms) = preSolution
		Debug|Any CPU = Debug|Any CPU
		Release|Any CPU = Release|Any CPU
	EndGlobalSection
	GlobalSection(ProjectConfigurationPlatforms) = postSolution
		{8D21CC8E-D980-45E4-9BC1-41E52726C057}.Debug|Any CPU.ActiveCfg = Debug|Any CPU
		{8D21CC8E-D980-45E4-9BC1-41E52726C057}.Debug|Any CPU.Build.0 = Debug|Any CPU
		{8D21CC8E-D980-45E4-9BC1-41E52726C057}.Release|Any CPU.ActiveCfg = Release|Any CPU
		{8D21CC8E-D980-45E4-9BC1-41E52726C057}.Release|Any CPU.Build.0 = Release|Any CPU
	EndGlobalSection
	GlobalSection(SolutionProperties) = preSolution
		HideSolutionNode = FALSE
	EndGlobalSection
	GlobalSection(ExtensibilityGlobals) = postSolution
		SolutionGuid = {6F863554-3910-4F1A-BB77-64C61E5D005C}
	EndGlobalSection
EndGlobal
